
Microsoft Visual Studio Solution File, Format Version 12.00
# Visual Studio Version 16
VisualStudioVersion = 16.0.28917.182
MinimumVisualStudioVersion = 10.0.40219.1
Project("{FAE04EC0-301F-11D3-BF4B-00C04F79EFBC}") = "ContractAccounting", "ContractAccounting.csproj", "{B665E8E7-121C-4787-9E59-8762B96D91DB}"
EndProject
Global
	GlobalSection(SolutionConfigurationPlatforms) = preSolution
		Debug|Any CPU = Debug|Any CPU
		Release|Any CPU = Release|Any CPU
	EndGlobalSection
	GlobalSection(ProjectConfigurationPlatforms) = postSolution
		{B665E8E7-121C-4787-9E59-8762B96D91DB}.Debug|Any CPU.ActiveCfg = Debug|Any CPU
		{B665E8E7-121C-4787-9E59-8762B96D91DB}.Debug|Any CPU.Build.0 = Debug|Any CPU
		{B665E8E7-121C-4787-9E59-8762B96D91DB}.Release|Any CPU.ActiveCfg = Release|Any CPU
		{B665E8E7-121C-4787-9E59-8762B96D91DB}.Release|Any CPU.Build.0 = Release|Any CPU
	EndGlobalSection
	GlobalSection(SolutionProperties) = preSolution
		HideSolutionNode = FALSE
	EndGlobalSection
	GlobalSection(ExtensibilityGlobals) = postSolution
		SolutionGuid = {351834D1-0C1A-4895-B743-BDCB8C6C87EB}
	EndGlobalSection
EndGlobal
